
Microsoft Visual Studio Solution File, Format Version 12.00
# Visual Studio 15
Project("{FAE04EC0-301F-11D3-BF4B-00C04F79EFBC}") = "Assembly-CSharp", "Assembly-CSharp.csproj", "{CCCF4CE1-1B96-ACD2-32E3-951FA9483F17}"
EndProject
Project("{FAE04EC0-301F-11D3-BF4B-00C04F79EFBC}") = "Assembly-CSharp-firstpass", "Assembly-CSharp-firstpass.csproj", "{F9FA1F53-6E82-927F-C9D7-5451D3340C6E}"
EndProject
Global
	GlobalSection(SolutionConfigurationPlatforms) = preSolution
		Debug|Any CPU = Debug|Any CPU
		Release|Any CPU = Release|Any CPU
	EndGlobalSection
	GlobalSection(ProjectConfigurationPlatforms) = postSolution
		{CCCF4CE1-1B96-ACD2-32E3-951FA9483F17}.Debug|Any CPU.ActiveCfg = Debug|Any CPU
		{CCCF4CE1-1B96-ACD2-32E3-951FA9483F17}.Debug|Any CPU.Build.0 = Debug|Any CPU
		{CCCF4CE1-1B96-ACD2-32E3-951FA9483F17}.Release|Any CPU.ActiveCfg = Release|Any CPU
		{CCCF4CE1-1B96-ACD2-32E3-951FA9483F17}.Release|Any CPU.Build.0 = Release|Any CPU
		{F9FA1F53-6E82-927F-C9D7-5451D3340C6E}.Debug|Any CPU.ActiveCfg = Debug|Any CPU
		{F9FA1F53-6E82-927F-C9D7-5451D3340C6E}.Debug|Any CPU.Build.0 = Debug|Any CPU
		{F9FA1F53-6E82-927F-C9D7-5451D3340C6E}.Release|Any CPU.ActiveCfg = Release|Any CPU
		{F9FA1F53-6E82-927F-C9D7-5451D3340C6E}.Release|Any CPU.Build.0 = Release|Any CPU
	EndGlobalSection
	GlobalSection(SolutionProperties) = preSolution
		HideSolutionNode = FALSE
	EndGlobalSection
EndGlobal
